// !$*UTF8*$!
{
	archiveVersion = 1;
	classes = {
	};
	objectVersion = 46;
	objects = {

/* Begin PBXBuildFile section */
		68C3923B1A663B59003B03F8 /* main.m in Sources */ = {isa = PBXBuildFile; fileRef = 68C3923A1A663B59003B03F8 /* main.m */; };
		68C3923E1A663B59003B03F8 /* AppDelegate.m in Sources */ = {isa = PBXBuildFile; fileRef = 68C3923D1A663B59003B03F8 /* AppDelegate.m */; };
		68C392411A663B59003B03F8 /* MainViewController.m in Sources */ = {isa = PBXBuildFile; fileRef = 68C392401A663B59003B03F8 /* MainViewController.m */; };
		68C392461A663B59003B03F8 /* Images.xcassets in Resources */ = {isa = PBXBuildFile; fileRef = 68C392451A663B59003B03F8 /* Images.xcassets */; };
		68C392491A663B59003B03F8 /* LaunchScreen.xib in Resources */ = {isa = PBXBuildFile; fileRef = 68C392471A663B59003B03F8 /* LaunchScreen.xib */; };
		68C392601A664A70003B03F8 /* MagicView.m in Sources */ = {isa = PBXBuildFile; fileRef = 68C3925F1A664A70003B03F8 /* MagicView.m */; };
		68C392631A664BD2003B03F8 /* UIView+Size.m in Sources */ = {isa = PBXBuildFile; fileRef = 68C392621A664BD2003B03F8 /* UIView+Size.m */; };
/* End PBXBuildFile section */

/* Begin PBXFileReference section */
		68C392351A663B59003B03F8 /* ForwardEvent_Demo.app */ = {isa = PBXFileReference; explicitFileType = wrapper.application; includeInIndex = 0; path = ForwardEvent_Demo.app; sourceTree = BUILT_PRODUCTS_DIR; };
		68C392391A663B59003B03F8 /* Info.plist */ = {isa = PBXFileReference; lastKnownFileType = text.plist.xml; path = Info.plist; sourceTree = "<group>"; };
		68C3923A1A663B59003B03F8 /* main.m */ = {isa = PBXFileReference; lastKnownFileType = sourcecode.c.objc; path = main.m; sourceTree = "<group>"; };
		68C3923C1A663B59003B03F8 /* AppDelegate.h */ = {isa = PBXFileReference; lastKnownFileType = sourcecode.c.h; path = AppDelegate.h; sourceTree = "<group>"; };
		68C3923D1A663B59003B03F8 /* AppDelegate.m */ = {isa = PBXFileReference; lastKnownFileType = sourcecode.c.objc; path = AppDelegate.m; sourceTree = "<group>"; };
		68C3923F1A663B59003B03F8 /* MainViewController.h */ = {isa = PBXFileReference; lastKnownFileType = sourcecode.c.h; path = MainViewController.h; sourceTree = "<group>"; };
		68C392401A663B59003B03F8 /* MainViewController.m */ = {isa = PBXFileReference; lastKnownFileType = sourcecode.c.objc; path = MainViewController.m; sourceTree = "<group>"; };
		68C392451A663B59003B03F8 /* Images.xcassets */ = {isa = PBXFileReference; lastKnownFileType = folder.assetcatalog; path = Images.xcassets; sourceTree = "<group>"; };
		68C392481A663B59003B03F8 /* Base */ = {isa = PBXFileReference; lastKnownFileType = file.xib; name = Base; path = Base.lproj/LaunchScreen.xib; sourceTree = "<group>"; };
		68C3925E1A664A70003B03F8 /* MagicView.h */ = {isa = PBXFileReference; fileEncoding = 4; lastKnownFileType = sourcecode.c.h; path = MagicView.h; sourceTree = "<group>"; };
		68C3925F1A664A70003B03F8 /* MagicView.m */ = {isa = PBXFileReference; fileEncoding = 4; lastKnownFileType = sourcecode.c.objc; path = MagicView.m; sourceTree = "<group>"; };
		68C392611A664BD2003B03F8 /* UIView+Size.h */ = {isa = PBXFileReference; fileEncoding = 4; lastKnownFileType = sourcecode.c.h; path = "UIView+Size.h"; sourceTree = "<group>"; };
		68C392621A664BD2003B03F8 /* UIView+Size.m */ = {isa = PBXFileReference; fileEncoding = 4; lastKnownFileType = sourcecode.c.objc; path = "UIView+Size.m"; sourceTree = "<group>"; };
/* End PBXFileReference section */

/* Begin PBXFrameworksBuildPhase section */
		68C392321A663B59003B03F8 /* Frameworks */ = {
			isa = PBXFrameworksBuildPhase;
			buildActionMask = 2147483647;
			files = (
			);
			runOnlyForDeploymentPostprocessing = 0;
		};
/* End PBXFrameworksBuildPhase section */

/* Begin PBXGroup section */
		68C3922C1A663B59003B03F8 = {
			isa = PBXGroup;
			children = (
				68C392371A663B59003B03F8 /* ForwardEvent_Demo */,
				68C392361A663B59003B03F8 /* Products */,
			);
			sourceTree = "<group>";
		};
		68C392361A663B59003B03F8 /* Products */ = {
			isa = PBXGroup;
			children = (
				68C392351A663B59003B03F8 /* ForwardEvent_Demo.app */,
			);
			name = Products;
			sourceTree = "<group>";
		};
		68C392371A663B59003B03F8 /* ForwardEvent_Demo */ = {
			isa = PBXGroup;
			children = (
				68C3923C1A663B59003B03F8 /* AppDelegate.h */,
				68C3923D1A663B59003B03F8 /* AppDelegate.m */,
				68C3923F1A663B59003B03F8 /* MainViewController.h */,
				68C392401A663B59003B03F8 /* MainViewController.m */,
				68C3925E1A664A70003B03F8 /* MagicView.h */,
				68C3925F1A664A70003B03F8 /* MagicView.m */,
				68C392611A664BD2003B03F8 /* UIView+Size.h */,
				68C392621A664BD2003B03F8 /* UIView+Size.m */,
				68C392451A663B59003B03F8 /* Images.xcassets */,
				68C392471A663B59003B03F8 /* LaunchScreen.xib */,
				68C392381A663B59003B03F8 /* Supporting Files */,
			);
			name = ForwardEvent_Demo;
			path = ReadingTogether;
			sourceTree = "<group>";
		};
		68C392381A663B59003B03F8 /* Supporting Files */ = {
			isa = PBXGroup;
			children = (
				68C392391A663B59003B03F8 /* Info.plist */,
				68C3923A1A663B59003B03F8 /* main.m */,
			);
			name = "Supporting Files";
			sourceTree = "<group>";
		};
/* End PBXGroup section */

/* Begin PBXNativeTarget section */
		68C392341A663B59003B03F8 /* ForwardEvent_Demo */ = {
			isa = PBXNativeTarget;
			buildConfigurationList = 68C392581A663B5A003B03F8 /* Build configuration list for PBXNativeTarget "ForwardEvent_Demo" */;
			buildPhases = (
				68C392311A663B59003B03F8 /* Sources */,
				68C392321A663B59003B03F8 /* Frameworks */,
				68C392331A663B59003B03F8 /* Resources */,
			);
			buildRules = (
			);
			dependencies = (
			);
			name = ForwardEvent_Demo;
			productName = ReadingTogether;
			productReference = 68C392351A663B59003B03F8 /* ForwardEvent_Demo.app */;
			productType = "com.apple.product-type.application";
		};
/* End PBXNativeTarget section */

/* Begin PBXProject section */
		68C3922D1A663B59003B03F8 /* Project object */ = {
			isa = PBXProject;
			attributes = {
				LastUpgradeCheck = 0610;
				ORGANIZATIONNAME = "Wei Han";
				TargetAttributes = {
					68C392341A663B59003B03F8 = {
						CreatedOnToolsVersion = 6.1.1;
					};
				};
			};
			buildConfigurationList = 68C392301A663B59003B03F8 /* Build configuration list for PBXProject "ForwardEvent_Demo" */;
			compatibilityVersion = "Xcode 3.2";
			developmentRegion = English;
			hasScannedForEncodings = 0;
			knownRegions = (
				en,
				Base,
			);
			mainGroup = 68C3922C1A663B59003B03F8;
			productRefGroup = 68C392361A663B59003B03F8 /* Products */;
			projectDirPath = "";
			projectRoot = "";
			targets = (
				68C392341A663B59003B03F8 /* ForwardEvent_Demo */,
			);
		};
/* End PBXProject section */

/* Begin PBXResourcesBuildPhase section */
		68C392331A663B59003B03F8 /* Resources */ = {
			isa = PBXResourcesBuildPhase;
			buildActionMask = 2147483647;
			files = (
				68C392491A663B59003B03F8 /* LaunchScreen.xib in Resources */,
				68C392461A663B59003B03F8 /* Images.xcassets in Resources */,
			);
			runOnlyForDeploymentPostprocessing = 0;
		};
/* End PBXResourcesBuildPhase section */

/* Begin PBXSourcesBuildPhase section */
		68C392311A663B59003B03F8 /* Sources */ = {
			isa = PBXSourcesBuildPhase;
			buildActionMask = 2147483647;
			files = (
				68C392411A663B59003B03F8 /* MainViewController.m in Sources */,
				68C392631A664BD2003B03F8 /* UIView+Size.m in Sources */,
				68C392601A664A70003B03F8 /* MagicView.m in Sources */,
				68C3923E1A663B59003B03F8 /* AppDelegate.m in Sources */,
				68C3923B1A663B59003B03F8 /* main.m in Sources */,
			);
			runOnlyForDeploymentPostprocessing = 0;
		};
/* End PBXSourcesBuildPhase section */

/* Begin PBXVariantGroup section */
		68C392471A663B59003B03F8 /* LaunchScreen.xib */ = {
			isa = PBXVariantGroup;
			children = (
				68C392481A663B59003B03F8 /* Base */,
			);
			name = LaunchScreen.xib;
			sourceTree = "<group>";
		};
/* End PBXVariantGroup section */

/* Begin XCBuildConfiguration section */
		68C392561A663B5A003B03F8 /* Debug */ = {
			isa = XCBuildConfiguration;
			buildSettings = {
				ALWAYS_SEARCH_USER_PATHS = NO;
				CLANG_CXX_LANGUAGE_STANDARD = "gnu++0x";
				CLANG_CXX_LIBRARY = "libc++";
				CLANG_ENABLE_MODULES = YES;
				CLANG_ENABLE_OBJC_ARC = YES;
				CLANG_WARN_BOOL_CONVERSION = YES;
				CLANG_WARN_CONSTANT_CONVERSION = YES;
				CLANG_WARN_DIRECT_OBJC_ISA_USAGE = YES_ERROR;
				CLANG_WARN_EMPTY_BODY = YES;
				CLANG_WARN_ENUM_CONVERSION = YES;
				CLANG_WARN_INT_CONVERSION = YES;
				CLANG_WARN_OBJC_ROOT_CLASS = YES_ERROR;
				CLANG_WARN_UNREACHABLE_CODE = YES;
				CLANG_WARN__DUPLICATE_METHOD_MATCH = YES;
				"CODE_SIGN_IDENTITY[sdk=iphoneos*]" = "iPhone Developer";
				COPY_PHASE_STRIP = NO;
				ENABLE_STRICT_OBJC_MSGSEND = YES;
				GCC_C_LANGUAGE_STANDARD = gnu99;
				GCC_DYNAMIC_NO_PIC = NO;
				GCC_OPTIMIZATION_LEVEL = 0;
				GCC_PREPROCESSOR_DEFINITIONS = (
					"DEBUG=1",
					"$(inherited)",
				);
				GCC_SYMBOLS_PRIVATE_EXTERN = NO;
				GCC_WARN_64_TO_32_BIT_CONVERSION = YES;
				GCC_WARN_ABOUT_RETURN_TYPE = YES_ERROR;
				GCC_WARN_UNDECLARED_SELECTOR = YES;
				GCC_WARN_UNINITIALIZED_AUTOS = YES_AGGRESSIVE;
				GCC_WARN_UNUSED_FUNCTION = YES;
				GCC_WARN_UNUSED_VARIABLE = YES;
				IPHONEOS_DEPLOYMENT_TARGET = 8.1;
				MTL_ENABLE_DEBUG_INFO = YES;
				ONLY_ACTIVE_ARCH = YES;
				SDKROOT = iphoneos;
				TARGETED_DEVICE_FAMILY = 2;
			};
			name = Debug;
		};
		68C392571A663B5A003B03F8 /* Release */ = {
			isa = XCBuildConfiguration;
			buildSettings = {
				ALWAYS_SEARCH_USER_PATHS = NO;
				CLANG_CXX_LANGUAGE_STANDARD = "gnu++0x";
				CLANG_CXX_LIBRARY = "libc++";
				CLANG_ENABLE_MODULES = YES;
				CLANG_ENABLE_OBJC_ARC = YES;
				CLANG_WARN_BOOL_CONVERSION = YES;
				CLANG_WARN_CONSTANT_CONVERSION = YES;
				CLANG_WARN_DIRECT_OBJC_ISA_USAGE = YES_ERROR;
				CLANG_WARN_EMPTY_BODY = YES;
				CLANG_WARN_ENUM_CONVERSION = YES;
				CLANG_WARN_INT_CONVERSION = YES;
				CLANG_WARN_OBJC_ROOT_CLASS = YES_ERROR;
				CLANG_WARN_UNREACHABLE_CODE = YES;
				CLANG_WARN__DUPLICATE_METHOD_MATCH = YES;
				"CODE_SIGN_IDENTITY[sdk=iphoneos*]" = "iPhone Developer";
				COPY_PHASE_STRIP = YES;
				ENABLE_NS_ASSERTIONS = NO;
				ENABLE_STRICT_OBJC_MSGSEND = YES;
				GCC_C_LANGUAGE_STANDARD = gnu99;
				GCC_WARN_64_TO_32_BIT_CONVERSION = YES;
				GCC_WARN_ABOUT_RETURN_TYPE = YES_ERROR;
				GCC_WARN_UNDECLARED_SELECTOR = YES;
				GCC_WARN_UNINITIALIZED_AUTOS = YES_AGGRESSIVE;
				GCC_WARN_UNUSED_FUNCTION = YES;
				GCC_WARN_UNUSED_VARIABLE = YES;
				IPHONEOS_DEPLOYMENT_TARGET = 8.1;
				MTL_ENABLE_DEBUG_INFO = NO;
				SDKROOT = iphoneos;
				TARGETED_DEVICE_FAMILY = 2;
				VALIDATE_PRODUCT = YES;
			};
			name = Release;
		};
		68C392591A663B5A003B03F8 /* Debug */ = {
			isa = XCBuildConfiguration;
			buildSettings = {
				ASSETCATALOG_COMPILER_APPICON_NAME = AppIcon;
				INFOPLIST_FILE = ReadingTogether/Info.plist;
				LD_RUNPATH_SEARCH_PATHS = "$(inherited) @executable_path/Frameworks";
				PRODUCT_NAME = ForwardEvent_Demo;
			};
			name = Debug;
		};
		68C3925A1A663B5A003B03F8 /* Release */ = {
			isa = XCBuildConfiguration;
			buildSettings = {
				ASSETCATALOG_COMPILER_APPICON_NAME = AppIcon;
				INFOPLIST_FILE = ReadingTogether/Info.plist;
				LD_RUNPATH_SEARCH_PATHS = "$(inherited) @executable_path/Frameworks";
				PRODUCT_NAME = ForwardEvent_Demo;
			};
			name = Release;
		};
/* End XCBuildConfiguration section */

/* Begin XCConfigurationList section */
		68C392301A663B59003B03F8 /* Build configuration list for PBXProject "ForwardEvent_Demo" */ = {
			isa = XCConfigurationList;
			buildConfigurations = (
				68C392561A663B5A003B03F8 /* Debug */,
				68C392571A663B5A003B03F8 /* Release */,
			);
			defaultConfigurationIsVisible = 0;
			defaultConfigurationName = Release;
		};
		68C392581A663B5A003B03F8 /* Build configuration list for PBXNativeTarget "ForwardEvent_Demo" */ = {
			isa = XCConfigurationList;
			buildConfigurations = (
				68C392591A663B5A003B03F8 /* Debug */,
				68C3925A1A663B5A003B03F8 /* Release */,
			);
			defaultConfigurationIsVisible = 0;
		};
/* End XCConfigurationList section */
	};
	rootObject = 68C3922D1A663B59003B03F8 /* Project object */;
}
